
Microsoft Visual Studio Solution File, Format Version 12.00
# Visual Studio Version 17
VisualStudioVersion = 17.2.32602.215
MinimumVisualStudioVersion = 10.0.40219.1
Project("{888888A0-9F3D-457C-B088-3A5042F75D52}") = "Prueba0Python", "Prueba0Python\Prueba0Python.pyproj", "{4C7918FA-E9CB-4C1D-BE43-BC6ED92E5AE0}"
EndProject
Global
	GlobalSection(SolutionConfigurationPlatforms) = preSolution
		Debug|Any CPU = Debug|Any CPU
		Release|Any CPU = Release|Any CPU
	EndGlobalSection
	GlobalSection(ProjectConfigurationPlatforms) = postSolution
		{4C7918FA-E9CB-4C1D-BE43-BC6ED92E5AE0}.Debug|Any CPU.ActiveCfg = Debug|Any CPU
		{4C7918FA-E9CB-4C1D-BE43-BC6ED92E5AE0}.Release|Any CPU.ActiveCfg = Release|Any CPU
	EndGlobalSection
	GlobalSection(SolutionProperties) = preSolution
		HideSolutionNode = FALSE
	EndGlobalSection
	GlobalSection(ExtensibilityGlobals) = postSolution
		SolutionGuid = {94C3FCD8-1612-4F25-BE9E-A1B9EAE04959}
	EndGlobalSection
EndGlobal
